// !$*UTF8*$!
{
	archiveVersion = 1;
	classes = {
	};
	objectVersion = 46;
	objects = {

/* Begin PBXBuildFile section */
		5D540D051A68888900B74DC5 /* CreateCommentViewController.swift in Sources */ = {isa = PBXBuildFile; fileRef = 5D540D041A68888900B74DC5 /* CreateCommentViewController.swift */; };
		5D540D071A688A0000B74DC5 /* UIAlert+EM.swift in Sources */ = {isa = PBXBuildFile; fileRef = 5D540D061A688A0000B74DC5 /* UIAlert+EM.swift */; };
		5D540D091A688FB100B74DC5 /* APIUtility.swift in Sources */ = {isa = PBXBuildFile; fileRef = 5D540D081A688FB100B74DC5 /* APIUtility.swift */; };
		5D540D0E1A68961300B74DC5 /* CommentTableViewCell.swift in Sources */ = {isa = PBXBuildFile; fileRef = 5D540D0C1A68961300B74DC5 /* CommentTableViewCell.swift */; };
		5D540D0F1A68961300B74DC5 /* CommentTableViewCell.xib in Resources */ = {isa = PBXBuildFile; fileRef = 5D540D0D1A68961300B74DC5 /* CommentTableViewCell.xib */; };
		5D540D111A68974D00B74DC5 /* LocalStoreUtility.swift in Sources */ = {isa = PBXBuildFile; fileRef = 5D540D101A68974D00B74DC5 /* LocalStoreUtility.swift */; };
		5D68E7901A687E210096344C /* AppDelegate.swift in Sources */ = {isa = PBXBuildFile; fileRef = 5D68E78F1A687E210096344C /* AppDelegate.swift */; };
		5D68E7921A687E210096344C /* SplashViewController.swift in Sources */ = {isa = PBXBuildFile; fileRef = 5D68E7911A687E210096344C /* SplashViewController.swift */; };
		5D68E7951A687E210096344C /* Main.storyboard in Resources */ = {isa = PBXBuildFile; fileRef = 5D68E7931A687E210096344C /* Main.storyboard */; };
		5D68E7971A687E210096344C /* Images.xcassets in Resources */ = {isa = PBXBuildFile; fileRef = 5D68E7961A687E210096344C /* Images.xcassets */; };
		5D68E79A1A687E210096344C /* LaunchScreen.xib in Resources */ = {isa = PBXBuildFile; fileRef = 5D68E7981A687E210096344C /* LaunchScreen.xib */; };
		5D68E7A61A687E210096344C /* ParseExampleTests.swift in Sources */ = {isa = PBXBuildFile; fileRef = 5D68E7A51A687E210096344C /* ParseExampleTests.swift */; };
		5D68E7B01A687FCB0096344C /* UserViewController.swift in Sources */ = {isa = PBXBuildFile; fileRef = 5D68E7AF1A687FCB0096344C /* UserViewController.swift */; };
		F13E3E0794A4BFF5C0295C38 /* libPods.a in Frameworks */ = {isa = PBXBuildFile; fileRef = 7688986595BC2A7480FEEDE3 /* libPods.a */; };
/* End PBXBuildFile section */

/* Begin PBXContainerItemProxy section */
		5D68E7A01A687E210096344C /* PBXContainerItemProxy */ = {
			isa = PBXContainerItemProxy;
			containerPortal = 5D68E7821A687E210096344C /* Project object */;
			proxyType = 1;
			remoteGlobalIDString = 5D68E7891A687E210096344C;
			remoteInfo = ParseExample;
		};
/* End PBXContainerItemProxy section */

/* Begin PBXFileReference section */
		019CA9734B2EC9AD268D1F97 /* Pods.debug.xcconfig */ = {isa = PBXFileReference; includeInIndex = 1; lastKnownFileType = text.xcconfig; name = Pods.debug.xcconfig; path = "Pods/Target Support Files/Pods/Pods.debug.xcconfig"; sourceTree = "<group>"; };
		33B6768F22B1AF6D5B7D70D5 /* Pods.release.xcconfig */ = {isa = PBXFileReference; includeInIndex = 1; lastKnownFileType = text.xcconfig; name = Pods.release.xcconfig; path = "Pods/Target Support Files/Pods/Pods.release.xcconfig"; sourceTree = "<group>"; };
		5D540D041A68888900B74DC5 /* CreateCommentViewController.swift */ = {isa = PBXFileReference; fileEncoding = 4; lastKnownFileType = sourcecode.swift; path = CreateCommentViewController.swift; sourceTree = "<group>"; };
		5D540D061A688A0000B74DC5 /* UIAlert+EM.swift */ = {isa = PBXFileReference; fileEncoding = 4; lastKnownFileType = sourcecode.swift; path = "UIAlert+EM.swift"; sourceTree = "<group>"; };
		5D540D081A688FB100B74DC5 /* APIUtility.swift */ = {isa = PBXFileReference; fileEncoding = 4; lastKnownFileType = sourcecode.swift; path = APIUtility.swift; sourceTree = "<group>"; };
		5D540D0C1A68961300B74DC5 /* CommentTableViewCell.swift */ = {isa = PBXFileReference; fileEncoding = 4; lastKnownFileType = sourcecode.swift; path = CommentTableViewCell.swift; sourceTree = "<group>"; };
		5D540D0D1A68961300B74DC5 /* CommentTableViewCell.xib */ = {isa = PBXFileReference; fileEncoding = 4; lastKnownFileType = file.xib; path = CommentTableViewCell.xib; sourceTree = "<group>"; };
		5D540D101A68974D00B74DC5 /* LocalStoreUtility.swift */ = {isa = PBXFileReference; fileEncoding = 4; lastKnownFileType = sourcecode.swift; path = LocalStoreUtility.swift; sourceTree = "<group>"; };
		5D68E78A1A687E210096344C /* ParseExample.app */ = {isa = PBXFileReference; explicitFileType = wrapper.application; includeInIndex = 0; path = ParseExample.app; sourceTree = BUILT_PRODUCTS_DIR; };
		5D68E78E1A687E210096344C /* Info.plist */ = {isa = PBXFileReference; lastKnownFileType = text.plist.xml; path = Info.plist; sourceTree = "<group>"; };
		5D68E78F1A687E210096344C /* AppDelegate.swift */ = {isa = PBXFileReference; lastKnownFileType = sourcecode.swift; path = AppDelegate.swift; sourceTree = "<group>"; };
		5D68E7911A687E210096344C /* SplashViewController.swift */ = {isa = PBXFileReference; lastKnownFileType = sourcecode.swift; path = SplashViewController.swift; sourceTree = "<group>"; };
		5D68E7941A687E210096344C /* Base */ = {isa = PBXFileReference; lastKnownFileType = file.storyboard; name = Base; path = Base.lproj/Main.storyboard; sourceTree = "<group>"; };
		5D68E7961A687E210096344C /* Images.xcassets */ = {isa = PBXFileReference; lastKnownFileType = folder.assetcatalog; path = Images.xcassets; sourceTree = "<group>"; };
		5D68E7991A687E210096344C /* Base */ = {isa = PBXFileReference; lastKnownFileType = file.xib; name = Base; path = Base.lproj/LaunchScreen.xib; sourceTree = "<group>"; };
		5D68E79F1A687E210096344C /* ParseExampleTests.xctest */ = {isa = PBXFileReference; explicitFileType = wrapper.cfbundle; includeInIndex = 0; path = ParseExampleTests.xctest; sourceTree = BUILT_PRODUCTS_DIR; };
		5D68E7A41A687E210096344C /* Info.plist */ = {isa = PBXFileReference; lastKnownFileType = text.plist.xml; path = Info.plist; sourceTree = "<group>"; };
		5D68E7A51A687E210096344C /* ParseExampleTests.swift */ = {isa = PBXFileReference; lastKnownFileType = sourcecode.swift; path = ParseExampleTests.swift; sourceTree = "<group>"; };
		5D68E7AF1A687FCB0096344C /* UserViewController.swift */ = {isa = PBXFileReference; fileEncoding = 4; lastKnownFileType = sourcecode.swift; path = UserViewController.swift; sourceTree = "<group>"; };
		5D68E7B11A6880560096344C /* bridge.h */ = {isa = PBXFileReference; lastKnownFileType = sourcecode.c.h; path = bridge.h; sourceTree = "<group>"; };
		7688986595BC2A7480FEEDE3 /* libPods.a */ = {isa = PBXFileReference; explicitFileType = archive.ar; includeInIndex = 0; path = libPods.a; sourceTree = BUILT_PRODUCTS_DIR; };
/* End PBXFileReference section */

/* Begin PBXFrameworksBuildPhase section */
		5D68E7871A687E210096344C /* Frameworks */ = {
			isa = PBXFrameworksBuildPhase;
			buildActionMask = 2147483647;
			files = (
				F13E3E0794A4BFF5C0295C38 /* libPods.a in Frameworks */,
			);
			runOnlyForDeploymentPostprocessing = 0;
		};
		5D68E79C1A687E210096344C /* Frameworks */ = {
			isa = PBXFrameworksBuildPhase;
			buildActionMask = 2147483647;
			files = (
			);
			runOnlyForDeploymentPostprocessing = 0;
		};
/* End PBXFrameworksBuildPhase section */

/* Begin PBXGroup section */
		3354535B0A55A1B0B0BBEF52 /* Frameworks */ = {
			isa = PBXGroup;
			children = (
				7688986595BC2A7480FEEDE3 /* libPods.a */,
			);
			name = Frameworks;
			sourceTree = "<group>";
		};
		5D540D0B1A6895F900B74DC5 /* view */ = {
			isa = PBXGroup;
			children = (
				5D540D0C1A68961300B74DC5 /* CommentTableViewCell.swift */,
				5D540D0D1A68961300B74DC5 /* CommentTableViewCell.xib */,
			);
			name = view;
			sourceTree = "<group>";
		};
		5D68E7811A687E210096344C = {
			isa = PBXGroup;
			children = (
				5D68E78C1A687E210096344C /* ParseExample */,
				5D68E7A21A687E210096344C /* ParseExampleTests */,
				5D68E78B1A687E210096344C /* Products */,
				C2941CF8ED77E30F4C07ECC5 /* Pods */,
				3354535B0A55A1B0B0BBEF52 /* Frameworks */,
			);
			sourceTree = "<group>";
		};
		5D68E78B1A687E210096344C /* Products */ = {
			isa = PBXGroup;
			children = (
				5D68E78A1A687E210096344C /* ParseExample.app */,
				5D68E79F1A687E210096344C /* ParseExampleTests.xctest */,
			);
			name = Products;
			sourceTree = "<group>";
		};
		5D68E78C1A687E210096344C /* ParseExample */ = {
			isa = PBXGroup;
			children = (
				5D540D0B1A6895F900B74DC5 /* view */,
				5D68E78F1A687E210096344C /* AppDelegate.swift */,
				5D68E7911A687E210096344C /* SplashViewController.swift */,
				5D68E7931A687E210096344C /* Main.storyboard */,
				5D68E7961A687E210096344C /* Images.xcassets */,
				5D68E7981A687E210096344C /* LaunchScreen.xib */,
				5D68E78D1A687E210096344C /* Supporting Files */,
				5D68E7AF1A687FCB0096344C /* UserViewController.swift */,
				5D540D041A68888900B74DC5 /* CreateCommentViewController.swift */,
				5D540D061A688A0000B74DC5 /* UIAlert+EM.swift */,
				5D540D081A688FB100B74DC5 /* APIUtility.swift */,
				5D540D101A68974D00B74DC5 /* LocalStoreUtility.swift */,
			);
			path = ParseExample;
			sourceTree = "<group>";
		};
		5D68E78D1A687E210096344C /* Supporting Files */ = {
			isa = PBXGroup;
			children = (
				5D68E78E1A687E210096344C /* Info.plist */,
				5D68E7B11A6880560096344C /* bridge.h */,
			);
			name = "Supporting Files";
			sourceTree = "<group>";
		};
		5D68E7A21A687E210096344C /* ParseExampleTests */ = {
			isa = PBXGroup;
			children = (
				5D68E7A51A687E210096344C /* ParseExampleTests.swift */,
				5D68E7A31A687E210096344C /* Supporting Files */,
			);
			path = ParseExampleTests;
			sourceTree = "<group>";
		};
		5D68E7A31A687E210096344C /* Supporting Files */ = {
			isa = PBXGroup;
			children = (
				5D68E7A41A687E210096344C /* Info.plist */,
			);
			name = "Supporting Files";
			sourceTree = "<group>";
		};
		C2941CF8ED77E30F4C07ECC5 /* Pods */ = {
			isa = PBXGroup;
			children = (
				019CA9734B2EC9AD268D1F97 /* Pods.debug.xcconfig */,
				33B6768F22B1AF6D5B7D70D5 /* Pods.release.xcconfig */,
			);
			name = Pods;
			sourceTree = "<group>";
		};
/* End PBXGroup section */

/* Begin PBXNativeTarget section */
		5D68E7891A687E210096344C /* ParseExample */ = {
			isa = PBXNativeTarget;
			buildConfigurationList = 5D68E7A91A687E210096344C /* Build configuration list for PBXNativeTarget "ParseExample" */;
			buildPhases = (
				E82D4E1DD03A38459E84DA0F /* Check Pods Manifest.lock */,
				5D68E7861A687E210096344C /* Sources */,
				5D68E7871A687E210096344C /* Frameworks */,
				5D68E7881A687E210096344C /* Resources */,
				C241353BC907945630F7081F /* Copy Pods Resources */,
			);
			buildRules = (
			);
			dependencies = (
			);
			name = ParseExample;
			productName = ParseExample;
			productReference = 5D68E78A1A687E210096344C /* ParseExample.app */;
			productType = "com.apple.product-type.application";
		};
		5D68E79E1A687E210096344C /* ParseExampleTests */ = {
			isa = PBXNativeTarget;
			buildConfigurationList = 5D68E7AC1A687E210096344C /* Build configuration list for PBXNativeTarget "ParseExampleTests" */;
			buildPhases = (
				5D68E79B1A687E210096344C /* Sources */,
				5D68E79C1A687E210096344C /* Frameworks */,
				5D68E79D1A687E210096344C /* Resources */,
			);
			buildRules = (
			);
			dependencies = (
				5D68E7A11A687E210096344C /* PBXTargetDependency */,
			);
			name = ParseExampleTests;
			productName = ParseExampleTests;
			productReference = 5D68E79F1A687E210096344C /* ParseExampleTests.xctest */;
			productType = "com.apple.product-type.bundle.unit-test";
		};
/* End PBXNativeTarget section */

/* Begin PBXProject section */
		5D68E7821A687E210096344C /* Project object */ = {
			isa = PBXProject;
			attributes = {
				LastUpgradeCheck = 0610;
				ORGANIZATIONNAME = ericmcconkie.com;
				TargetAttributes = {
					5D68E7891A687E210096344C = {
						CreatedOnToolsVersion = 6.1.1;
					};
					5D68E79E1A687E210096344C = {
						CreatedOnToolsVersion = 6.1.1;
						TestTargetID = 5D68E7891A687E210096344C;
					};
				};
			};
			buildConfigurationList = 5D68E7851A687E210096344C /* Build configuration list for PBXProject "ParseExample" */;
			compatibilityVersion = "Xcode 3.2";
			developmentRegion = English;
			hasScannedForEncodings = 0;
			knownRegions = (
				en,
				Base,
			);
			mainGroup = 5D68E7811A687E210096344C;
			productRefGroup = 5D68E78B1A687E210096344C /* Products */;
			projectDirPath = "";
			projectRoot = "";
			targets = (
				5D68E7891A687E210096344C /* ParseExample */,
				5D68E79E1A687E210096344C /* ParseExampleTests */,
			);
		};
/* End PBXProject section */

/* Begin PBXResourcesBuildPhase section */
		5D68E7881A687E210096344C /* Resources */ = {
			isa = PBXResourcesBuildPhase;
			buildActionMask = 2147483647;
			files = (
				5D68E7951A687E210096344C /* Main.storyboard in Resources */,
				5D68E79A1A687E210096344C /* LaunchScreen.xib in Resources */,
				5D68E7971A687E210096344C /* Images.xcassets in Resources */,
				5D540D0F1A68961300B74DC5 /* CommentTableViewCell.xib in Resources */,
			);
			runOnlyForDeploymentPostprocessing = 0;
		};
		5D68E79D1A687E210096344C /* Resources */ = {
			isa = PBXResourcesBuildPhase;
			buildActionMask = 2147483647;
			files = (
			);
			runOnlyForDeploymentPostprocessing = 0;
		};
/* End PBXResourcesBuildPhase section */

/* Begin PBXShellScriptBuildPhase section */
		C241353BC907945630F7081F /* Copy Pods Resources */ = {
			isa = PBXShellScriptBuildPhase;
			buildActionMask = 2147483647;
			files = (
			);
			inputPaths = (
			);
			name = "Copy Pods Resources";
			outputPaths = (
			);
			runOnlyForDeploymentPostprocessing = 0;
			shellPath = /bin/sh;
			shellScript = "\"${SRCROOT}/Pods/Target Support Files/Pods/Pods-resources.sh\"\n";
			showEnvVarsInLog = 0;
		};
		E82D4E1DD03A38459E84DA0F /* Check Pods Manifest.lock */ = {
			isa = PBXShellScriptBuildPhase;
			buildActionMask = 2147483647;
			files = (
			);
			inputPaths = (
			);
			name = "Check Pods Manifest.lock";
			outputPaths = (
			);
			runOnlyForDeploymentPostprocessing = 0;
			shellPath = /bin/sh;
			shellScript = "diff \"${PODS_ROOT}/../Podfile.lock\" \"${PODS_ROOT}/Manifest.lock\" > /dev/null\nif [[ $? != 0 ]] ; then\n    cat << EOM\nerror: The sandbox is not in sync with the Podfile.lock. Run 'pod install' or update your CocoaPods installation.\nEOM\n    exit 1\nfi\n";
			showEnvVarsInLog = 0;
		};
/* End PBXShellScriptBuildPhase section */

/* Begin PBXSourcesBuildPhase section */
		5D68E7861A687E210096344C /* Sources */ = {
			isa = PBXSourcesBuildPhase;
			buildActionMask = 2147483647;
			files = (
				5D68E7921A687E210096344C /* SplashViewController.swift in Sources */,
				5D540D091A688FB100B74DC5 /* APIUtility.swift in Sources */,
				5D68E7B01A687FCB0096344C /* UserViewController.swift in Sources */,
				5D540D071A688A0000B74DC5 /* UIAlert+EM.swift in Sources */,
				5D540D0E1A68961300B74DC5 /* CommentTableViewCell.swift in Sources */,
				5D540D051A68888900B74DC5 /* CreateCommentViewController.swift in Sources */,
				5D540D111A68974D00B74DC5 /* LocalStoreUtility.swift in Sources */,
				5D68E7901A687E210096344C /* AppDelegate.swift in Sources */,
			);
			runOnlyForDeploymentPostprocessing = 0;
		};
		5D68E79B1A687E210096344C /* Sources */ = {
			isa = PBXSourcesBuildPhase;
			buildActionMask = 2147483647;
			files = (
				5D68E7A61A687E210096344C /* ParseExampleTests.swift in Sources */,
			);
			runOnlyForDeploymentPostprocessing = 0;
		};
/* End PBXSourcesBuildPhase section */

/* Begin PBXTargetDependency section */
		5D68E7A11A687E210096344C /* PBXTargetDependency */ = {
			isa = PBXTargetDependency;
			target = 5D68E7891A687E210096344C /* ParseExample */;
			targetProxy = 5D68E7A01A687E210096344C /* PBXContainerItemProxy */;
		};
/* End PBXTargetDependency section */

/* Begin PBXVariantGroup section */
		5D68E7931A687E210096344C /* Main.storyboard */ = {
			isa = PBXVariantGroup;
			children = (
				5D68E7941A687E210096344C /* Base */,
			);
			name = Main.storyboard;
			sourceTree = "<group>";
		};
		5D68E7981A687E210096344C /* LaunchScreen.xib */ = {
			isa = PBXVariantGroup;
			children = (
				5D68E7991A687E210096344C /* Base */,
			);
			name = LaunchScreen.xib;
			sourceTree = "<group>";
		};
/* End PBXVariantGroup section */

/* Begin XCBuildConfiguration section */
		5D68E7A71A687E210096344C /* Debug */ = {
			isa = XCBuildConfiguration;
			buildSettings = {
				ALWAYS_SEARCH_USER_PATHS = NO;
				CLANG_CXX_LANGUAGE_STANDARD = "gnu++0x";
				CLANG_CXX_LIBRARY = "libc++";
				CLANG_ENABLE_MODULES = YES;
				CLANG_ENABLE_OBJC_ARC = YES;
				CLANG_WARN_BOOL_CONVERSION = YES;
				CLANG_WARN_CONSTANT_CONVERSION = YES;
				CLANG_WARN_DIRECT_OBJC_ISA_USAGE = YES_ERROR;
				CLANG_WARN_EMPTY_BODY = YES;
				CLANG_WARN_ENUM_CONVERSION = YES;
				CLANG_WARN_INT_CONVERSION = YES;
				CLANG_WARN_OBJC_ROOT_CLASS = YES_ERROR;
				CLANG_WARN_UNREACHABLE_CODE = YES;
				CLANG_WARN__DUPLICATE_METHOD_MATCH = YES;
				"CODE_SIGN_IDENTITY[sdk=iphoneos*]" = "iPhone Developer";
				COPY_PHASE_STRIP = NO;
				ENABLE_STRICT_OBJC_MSGSEND = YES;
				GCC_C_LANGUAGE_STANDARD = gnu99;
				GCC_DYNAMIC_NO_PIC = NO;
				GCC_OPTIMIZATION_LEVEL = 0;
				GCC_PREPROCESSOR_DEFINITIONS = (
					"DEBUG=1",
					"$(inherited)",
				);
				GCC_SYMBOLS_PRIVATE_EXTERN = NO;
				GCC_WARN_64_TO_32_BIT_CONVERSION = YES;
				GCC_WARN_ABOUT_RETURN_TYPE = YES_ERROR;
				GCC_WARN_UNDECLARED_SELECTOR = YES;
				GCC_WARN_UNINITIALIZED_AUTOS = YES_AGGRESSIVE;
				GCC_WARN_UNUSED_FUNCTION = YES;
				GCC_WARN_UNUSED_VARIABLE = YES;
				IPHONEOS_DEPLOYMENT_TARGET = 8.1;
				MTL_ENABLE_DEBUG_INFO = YES;
				ONLY_ACTIVE_ARCH = YES;
				SDKROOT = iphoneos;
				SWIFT_OPTIMIZATION_LEVEL = "-Onone";
			};
			name = Debug;
		};
		5D68E7A81A687E210096344C /* Release */ = {
			isa = XCBuildConfiguration;
			buildSettings = {
				ALWAYS_SEARCH_USER_PATHS = NO;
				CLANG_CXX_LANGUAGE_STANDARD = "gnu++0x";
				CLANG_CXX_LIBRARY = "libc++";
				CLANG_ENABLE_MODULES = YES;
				CLANG_ENABLE_OBJC_ARC = YES;
				CLANG_WARN_BOOL_CONVERSION = YES;
				CLANG_WARN_CONSTANT_CONVERSION = YES;
				CLANG_WARN_DIRECT_OBJC_ISA_USAGE = YES_ERROR;
				CLANG_WARN_EMPTY_BODY = YES;
				CLANG_WARN_ENUM_CONVERSION = YES;
				CLANG_WARN_INT_CONVERSION = YES;
				CLANG_WARN_OBJC_ROOT_CLASS = YES_ERROR;
				CLANG_WARN_UNREACHABLE_CODE = YES;
				CLANG_WARN__DUPLICATE_METHOD_MATCH = YES;
				"CODE_SIGN_IDENTITY[sdk=iphoneos*]" = "iPhone Developer";
				COPY_PHASE_STRIP = YES;
				ENABLE_NS_ASSERTIONS = NO;
				ENABLE_STRICT_OBJC_MSGSEND = YES;
				GCC_C_LANGUAGE_STANDARD = gnu99;
				GCC_WARN_64_TO_32_BIT_CONVERSION = YES;
				GCC_WARN_ABOUT_RETURN_TYPE = YES_ERROR;
				GCC_WARN_UNDECLARED_SELECTOR = YES;
				GCC_WARN_UNINITIALIZED_AUTOS = YES_AGGRESSIVE;
				GCC_WARN_UNUSED_FUNCTION = YES;
				GCC_WARN_UNUSED_VARIABLE = YES;
				IPHONEOS_DEPLOYMENT_TARGET = 8.1;
				MTL_ENABLE_DEBUG_INFO = NO;
				SDKROOT = iphoneos;
				VALIDATE_PRODUCT = YES;
			};
			name = Release;
		};
		5D68E7AA1A687E210096344C /* Debug */ = {
			isa = XCBuildConfiguration;
			baseConfigurationReference = 019CA9734B2EC9AD268D1F97 /* Pods.debug.xcconfig */;
			buildSettings = {
				ASSETCATALOG_COMPILER_APPICON_NAME = AppIcon;
				INFOPLIST_FILE = ParseExample/Info.plist;
				LD_RUNPATH_SEARCH_PATHS = "$(inherited) @executable_path/Frameworks";
				PRODUCT_NAME = "$(TARGET_NAME)";
				SWIFT_OBJC_BRIDGING_HEADER = ParseExample/bridge.h;
			};
			name = Debug;
		};
		5D68E7AB1A687E210096344C /* Release */ = {
			isa = XCBuildConfiguration;
			baseConfigurationReference = 33B6768F22B1AF6D5B7D70D5 /* Pods.release.xcconfig */;
			buildSettings = {
				ASSETCATALOG_COMPILER_APPICON_NAME = AppIcon;
				INFOPLIST_FILE = ParseExample/Info.plist;
				LD_RUNPATH_SEARCH_PATHS = "$(inherited) @executable_path/Frameworks";
				PRODUCT_NAME = "$(TARGET_NAME)";
				SWIFT_OBJC_BRIDGING_HEADER = ParseExample/bridge.h;
			};
			name = Release;
		};
		5D68E7AD1A687E210096344C /* Debug */ = {
			isa = XCBuildConfiguration;
			buildSettings = {
				BUNDLE_LOADER = "$(TEST_HOST)";
				FRAMEWORK_SEARCH_PATHS = (
					"$(SDKROOT)/Developer/Library/Frameworks",
					"$(inherited)",
				);
				GCC_PREPROCESSOR_DEFINITIONS = (
					"DEBUG=1",
					"$(inherited)",
				);
				INFOPLIST_FILE = ParseExampleTests/Info.plist;
				LD_RUNPATH_SEARCH_PATHS = "$(inherited) @executable_path/Frameworks @loader_path/Frameworks";
				PRODUCT_NAME = "$(TARGET_NAME)";
				TEST_HOST = "$(BUILT_PRODUCTS_DIR)/ParseExample.app/ParseExample";
			};
			name = Debug;
		};
		5D68E7AE1A687E210096344C /* Release */ = {
			isa = XCBuildConfiguration;
			buildSettings = {
				BUNDLE_LOADER = "$(TEST_HOST)";
				FRAMEWORK_SEARCH_PATHS = (
					"$(SDKROOT)/Developer/Library/Frameworks",
					"$(inherited)",
				);
				INFOPLIST_FILE = ParseExampleTests/Info.plist;
				LD_RUNPATH_SEARCH_PATHS = "$(inherited) @executable_path/Frameworks @loader_path/Frameworks";
				PRODUCT_NAME = "$(TARGET_NAME)";
				TEST_HOST = "$(BUILT_PRODUCTS_DIR)/ParseExample.app/ParseExample";
			};
			name = Release;
		};
/* End XCBuildConfiguration section */

/* Begin XCConfigurationList section */
		5D68E7851A687E210096344C /* Build configuration list for PBXProject "ParseExample" */ = {
			isa = XCConfigurationList;
			buildConfigurations = (
				5D68E7A71A687E210096344C /* Debug */,
				5D68E7A81A687E210096344C /* Release */,
			);
			defaultConfigurationIsVisible = 0;
			defaultConfigurationName = Release;
		};
		5D68E7A91A687E210096344C /* Build configuration list for PBXNativeTarget "ParseExample" */ = {
			isa = XCConfigurationList;
			buildConfigurations = (
				5D68E7AA1A687E210096344C /* Debug */,
				5D68E7AB1A687E210096344C /* Release */,
			);
			defaultConfigurationIsVisible = 0;
			defaultConfigurationName = Release;
		};
		5D68E7AC1A687E210096344C /* Build configuration list for PBXNativeTarget "ParseExampleTests" */ = {
			isa = XCConfigurationList;
			buildConfigurations = (
				5D68E7AD1A687E210096344C /* Debug */,
				5D68E7AE1A687E210096344C /* Release */,
			);
			defaultConfigurationIsVisible = 0;
			defaultConfigurationName = Release;
		};
/* End XCConfigurationList section */
	};
	rootObject = 5D68E7821A687E210096344C /* Project object */;
}
